
Microsoft Visual Studio Solution File, Format Version 12.00
# Visual Studio 15
VisualStudioVersion = 15.0.28010.2048
MinimumVisualStudioVersion = 10.0.40219.1
Project("{E24C65DC-7377-472B-9ABA-BC803B73C61A}") = "PriceTable", "PriceTable\", "{3336A917-97F4-416A-9681-941923AB9F4A}"
	ProjectSection(WebsiteProperties) = preProject
		TargetFrameworkMoniker = ".NETFramework,Version%3Dv4.6.1"
		Debug.AspNetCompiler.VirtualPath = "/localhost_56417"
		Debug.AspNetCompiler.PhysicalPath = "PriceTable\"
		Debug.AspNetCompiler.TargetPath = "PrecompiledWeb\localhost_56417\"
		Debug.AspNetCompiler.Updateable = "true"
		Debug.AspNetCompiler.ForceOverwrite = "true"
		Debug.AspNetCompiler.FixedNames = "false"
		Debug.AspNetCompiler.Debug = "True"
		Release.AspNetCompiler.VirtualPath = "/localhost_56417"
		Release.AspNetCompiler.PhysicalPath = "PriceTable\"
		Release.AspNetCompiler.TargetPath = "PrecompiledWeb\localhost_56417\"
		Release.AspNetCompiler.Updateable = "true"
		Release.AspNetCompiler.ForceOverwrite = "true"
		Release.AspNetCompiler.FixedNames = "false"
		Release.AspNetCompiler.Debug = "False"
		VWDPort = "56417"
		SlnRelativePath = "PriceTable\"
		DefaultWebSiteLanguage = "Visual C#"
	EndProjectSection
EndProject
Global
	GlobalSection(SolutionConfigurationPlatforms) = preSolution
		Debug|Any CPU = Debug|Any CPU
	EndGlobalSection
	GlobalSection(ProjectConfigurationPlatforms) = postSolution
		{3336A917-97F4-416A-9681-941923AB9F4A}.Debug|Any CPU.ActiveCfg = Debug|Any CPU
		{3336A917-97F4-416A-9681-941923AB9F4A}.Debug|Any CPU.Build.0 = Debug|Any CPU
	EndGlobalSection
	GlobalSection(SolutionProperties) = preSolution
		HideSolutionNode = FALSE
	EndGlobalSection
	GlobalSection(ExtensibilityGlobals) = postSolution
		SolutionGuid = {D9190C7F-FE75-4BA1-B2F4-769DBA18DEC8}
	EndGlobalSection
EndGlobal
